
Microsoft Visual Studio Solution File, Format Version 12.00
# Visual Studio Version 17
VisualStudioVersion = 17.8.34511.84
MinimumVisualStudioVersion = 10.0.40219.1
Project("{9A19103F-16F7-4668-BE54-9A1E7A4F7556}") = "AgendaApp.API", "AgendaApp.API\AgendaApp.API.csproj", "{BA71D10F-E840-4619-8379-E69E6CBB354E}"
EndProject
Project("{FAE04EC0-301F-11D3-BF4B-00C04F79EFBC}") = "AgendaApp.Data", "AgendaApp.Data\AgendaApp.Data.csproj", "{736662FD-D625-40AF-84D5-6EAD63AF3177}"
EndProject
Global
	GlobalSection(SolutionConfigurationPlatforms) = preSolution
		Debug|Any CPU = Debug|Any CPU
		Release|Any CPU = Release|Any CPU
	EndGlobalSection
	GlobalSection(ProjectConfigurationPlatforms) = postSolution
		{BA71D10F-E840-4619-8379-E69E6CBB354E}.Debug|Any CPU.ActiveCfg = Debug|Any CPU
		{BA71D10F-E840-4619-8379-E69E6CBB354E}.Debug|Any CPU.Build.0 = Debug|Any CPU
		{BA71D10F-E840-4619-8379-E69E6CBB354E}.Release|Any CPU.ActiveCfg = Release|Any CPU
		{BA71D10F-E840-4619-8379-E69E6CBB354E}.Release|Any CPU.Build.0 = Release|Any CPU
		{736662FD-D625-40AF-84D5-6EAD63AF3177}.Debug|Any CPU.ActiveCfg = Debug|Any CPU
		{736662FD-D625-40AF-84D5-6EAD63AF3177}.Debug|Any CPU.Build.0 = Debug|Any CPU
		{736662FD-D625-40AF-84D5-6EAD63AF3177}.Release|Any CPU.ActiveCfg = Release|Any CPU
		{736662FD-D625-40AF-84D5-6EAD63AF3177}.Release|Any CPU.Build.0 = Release|Any CPU
	EndGlobalSection
	GlobalSection(SolutionProperties) = preSolution
		HideSolutionNode = FALSE
	EndGlobalSection
	GlobalSection(ExtensibilityGlobals) = postSolution
		SolutionGuid = {F99B6F90-874F-424C-AA01-83A295599697}
	EndGlobalSection
EndGlobal
